// !$*UTF8*$!
{
	archiveVersion = 1;
	classes = {
	};
	objectVersion = 51;
	objects = {

/* Begin PBXBuildFile section */
		045DCF8A2482E0B900C18044 /* AppDelegate.swift in Sources */ = {isa = PBXBuildFile; fileRef = 045DCF892482E0B900C18044 /* AppDelegate.swift */; };
		045DCF8C2482E0B900C18044 /* SceneDelegate.swift in Sources */ = {isa = PBXBuildFile; fileRef = 045DCF8B2482E0B900C18044 /* SceneDelegate.swift */; };
		045DCF8E2482E0B900C18044 /* LandingViewController.swift in Sources */ = {isa = PBXBuildFile; fileRef = 045DCF8D2482E0B900C18044 /* LandingViewController.swift */; };
		045DCF912482E0B900C18044 /* Main.storyboard in Resources */ = {isa = PBXBuildFile; fileRef = 045DCF8F2482E0B900C18044 /* Main.storyboard */; };
		045DCF932482E0BA00C18044 /* Assets.xcassets in Resources */ = {isa = PBXBuildFile; fileRef = 045DCF922482E0BA00C18044 /* Assets.xcassets */; };
		045DCF962482E0BA00C18044 /* LaunchScreen.storyboard in Resources */ = {isa = PBXBuildFile; fileRef = 045DCF942482E0BA00C18044 /* LaunchScreen.storyboard */; };
		045DCFA32482E8AF00C18044 /* BaseViewController.swift in Sources */ = {isa = PBXBuildFile; fileRef = 045DCFA22482E8AF00C18044 /* BaseViewController.swift */; };
		045DCFA62482E9D800C18044 /* UIViewController+Utils.swift in Sources */ = {isa = PBXBuildFile; fileRef = 045DCFA52482E9D800C18044 /* UIViewController+Utils.swift */; };
		045DCFA82482EA2100C18044 /* Login.storyboard in Resources */ = {isa = PBXBuildFile; fileRef = 045DCFA72482EA2100C18044 /* Login.storyboard */; };
		045DCFAA2482F38400C18044 /* LoginViewController.swift in Sources */ = {isa = PBXBuildFile; fileRef = 045DCFA92482F38400C18044 /* LoginViewController.swift */; };
		045DCFAD2482FB2900C18044 /* NavigationManager.swift in Sources */ = {isa = PBXBuildFile; fileRef = 045DCFAC2482FB2900C18044 /* NavigationManager.swift */; };
		045DCFB02483041000C18044 /* UtilsCheck.swift in Sources */ = {isa = PBXBuildFile; fileRef = 045DCFAF2483041000C18044 /* UtilsCheck.swift */; };
		045DCFB224837F3400C18044 /* ShowsViewController.swift in Sources */ = {isa = PBXBuildFile; fileRef = 045DCFB124837F3400C18044 /* ShowsViewController.swift */; };
		045DCFB624837FF900C18044 /* ShowTVCell.swift in Sources */ = {isa = PBXBuildFile; fileRef = 045DCFB424837FF900C18044 /* ShowTVCell.swift */; };
		045DCFB724837FF900C18044 /* ShowTVCell.xib in Resources */ = {isa = PBXBuildFile; fileRef = 045DCFB524837FF900C18044 /* ShowTVCell.xib */; };
		045DCFB924838B1200C18044 /* ShowDetailsViewController.swift in Sources */ = {isa = PBXBuildFile; fileRef = 045DCFB824838B1200C18044 /* ShowDetailsViewController.swift */; };
		045DCFBB24838B8500C18044 /* EpisodeDetailsViewController.swift in Sources */ = {isa = PBXBuildFile; fileRef = 045DCFBA24838B8500C18044 /* EpisodeDetailsViewController.swift */; };
		045DCFBD24838B9400C18044 /* AddEpisodeViewController.swift in Sources */ = {isa = PBXBuildFile; fileRef = 045DCFBC24838B9400C18044 /* AddEpisodeViewController.swift */; };
		045DCFBF24838BA000C18044 /* CommentsViewController.swift in Sources */ = {isa = PBXBuildFile; fileRef = 045DCFBE24838BA000C18044 /* CommentsViewController.swift */; };
		045DCFC224838E0A00C18044 /* ShowDetailsTVCell.swift in Sources */ = {isa = PBXBuildFile; fileRef = 045DCFC024838E0A00C18044 /* ShowDetailsTVCell.swift */; };
		045DCFC324838E0A00C18044 /* ShowDetailsTVCell.xib in Resources */ = {isa = PBXBuildFile; fileRef = 045DCFC124838E0A00C18044 /* ShowDetailsTVCell.xib */; };
		045DCFC624838E2900C18044 /* CommentTVCell.swift in Sources */ = {isa = PBXBuildFile; fileRef = 045DCFC424838E2900C18044 /* CommentTVCell.swift */; };
		045DCFC724838E2900C18044 /* CommentTVCell.xib in Resources */ = {isa = PBXBuildFile; fileRef = 045DCFC524838E2900C18044 /* CommentTVCell.xib */; };
		045DCFC92483E1A300C18044 /* Constants.swift in Sources */ = {isa = PBXBuildFile; fileRef = 045DCFC82483E1A300C18044 /* Constants.swift */; };
		045DCFCB2483E48600C18044 /* KeychainManager.swift in Sources */ = {isa = PBXBuildFile; fileRef = 045DCFCA2483E48600C18044 /* KeychainManager.swift */; };
		045DCFCE248405BC00C18044 /* ShowsAPIRouter.swift in Sources */ = {isa = PBXBuildFile; fileRef = 045DCFCD248405BC00C18044 /* ShowsAPIRouter.swift */; };
		045DCFD024840D3600C18044 /* ShowsService.swift in Sources */ = {isa = PBXBuildFile; fileRef = 045DCFCF24840D3600C18044 /* ShowsService.swift */; };
		049434862484C3C400DD20A5 /* Show.swift in Sources */ = {isa = PBXBuildFile; fileRef = 049434852484C3C400DD20A5 /* Show.swift */; };
		0494348B2484FCBD00DD20A5 /* Episode.swift in Sources */ = {isa = PBXBuildFile; fileRef = 0494348A2484FCBD00DD20A5 /* Episode.swift */; };
		0494348D24850B6700DD20A5 /* Comment.swift in Sources */ = {isa = PBXBuildFile; fileRef = 0494348C24850B6700DD20A5 /* Comment.swift */; };
		04A62CAD24856F9B009D87B3 /* UtilsDisplay.swift in Sources */ = {isa = PBXBuildFile; fileRef = 04A62CAC24856F9B009D87B3 /* UtilsDisplay.swift */; };
		CC67BB320CE862FF236D504F /* Pods_Shows.framework in Frameworks */ = {isa = PBXBuildFile; fileRef = 6D437BEBF292D762C50B880B /* Pods_Shows.framework */; };
/* End PBXBuildFile section */

/* Begin PBXFileReference section */
		045DCF862482E0B900C18044 /* Shows.app */ = {isa = PBXFileReference; explicitFileType = wrapper.application; includeInIndex = 0; path = Shows.app; sourceTree = BUILT_PRODUCTS_DIR; };
		045DCF892482E0B900C18044 /* AppDelegate.swift */ = {isa = PBXFileReference; lastKnownFileType = sourcecode.swift; path = AppDelegate.swift; sourceTree = "<group>"; };
		045DCF8B2482E0B900C18044 /* SceneDelegate.swift */ = {isa = PBXFileReference; lastKnownFileType = sourcecode.swift; path = SceneDelegate.swift; sourceTree = "<group>"; };
		045DCF8D2482E0B900C18044 /* LandingViewController.swift */ = {isa = PBXFileReference; lastKnownFileType = sourcecode.swift; path = LandingViewController.swift; sourceTree = "<group>"; };
		045DCF902482E0B900C18044 /* Base */ = {isa = PBXFileReference; lastKnownFileType = file.storyboard; name = Base; path = Base.lproj/Main.storyboard; sourceTree = "<group>"; };
		045DCF922482E0BA00C18044 /* Assets.xcassets */ = {isa = PBXFileReference; lastKnownFileType = folder.assetcatalog; path = Assets.xcassets; sourceTree = "<group>"; };
		045DCF952482E0BA00C18044 /* Base */ = {isa = PBXFileReference; lastKnownFileType = file.storyboard; name = Base; path = Base.lproj/LaunchScreen.storyboard; sourceTree = "<group>"; };
		045DCF972482E0BA00C18044 /* Info.plist */ = {isa = PBXFileReference; lastKnownFileType = text.plist.xml; path = Info.plist; sourceTree = "<group>"; };
		045DCFA22482E8AF00C18044 /* BaseViewController.swift */ = {isa = PBXFileReference; lastKnownFileType = sourcecode.swift; path = BaseViewController.swift; sourceTree = "<group>"; };
		045DCFA52482E9D800C18044 /* UIViewController+Utils.swift */ = {isa = PBXFileReference; lastKnownFileType = sourcecode.swift; path = "UIViewController+Utils.swift"; sourceTree = "<group>"; };
		045DCFA72482EA2100C18044 /* Login.storyboard */ = {isa = PBXFileReference; lastKnownFileType = file.storyboard; path = Login.storyboard; sourceTree = "<group>"; };
		045DCFA92482F38400C18044 /* LoginViewController.swift */ = {isa = PBXFileReference; lastKnownFileType = sourcecode.swift; path = LoginViewController.swift; sourceTree = "<group>"; };
		045DCFAC2482FB2900C18044 /* NavigationManager.swift */ = {isa = PBXFileReference; lastKnownFileType = sourcecode.swift; path = NavigationManager.swift; sourceTree = "<group>"; };
		045DCFAF2483041000C18044 /* UtilsCheck.swift */ = {isa = PBXFileReference; lastKnownFileType = sourcecode.swift; path = UtilsCheck.swift; sourceTree = "<group>"; };
		045DCFB124837F3400C18044 /* ShowsViewController.swift */ = {isa = PBXFileReference; lastKnownFileType = sourcecode.swift; path = ShowsViewController.swift; sourceTree = "<group>"; };
		045DCFB424837FF900C18044 /* ShowTVCell.swift */ = {isa = PBXFileReference; lastKnownFileType = sourcecode.swift; path = ShowTVCell.swift; sourceTree = "<group>"; };
		045DCFB524837FF900C18044 /* ShowTVCell.xib */ = {isa = PBXFileReference; lastKnownFileType = file.xib; path = ShowTVCell.xib; sourceTree = "<group>"; };
		045DCFB824838B1200C18044 /* ShowDetailsViewController.swift */ = {isa = PBXFileReference; lastKnownFileType = sourcecode.swift; path = ShowDetailsViewController.swift; sourceTree = "<group>"; };
		045DCFBA24838B8500C18044 /* EpisodeDetailsViewController.swift */ = {isa = PBXFileReference; lastKnownFileType = sourcecode.swift; path = EpisodeDetailsViewController.swift; sourceTree = "<group>"; };
		045DCFBC24838B9400C18044 /* AddEpisodeViewController.swift */ = {isa = PBXFileReference; lastKnownFileType = sourcecode.swift; path = AddEpisodeViewController.swift; sourceTree = "<group>"; };
		045DCFBE24838BA000C18044 /* CommentsViewController.swift */ = {isa = PBXFileReference; lastKnownFileType = sourcecode.swift; path = CommentsViewController.swift; sourceTree = "<group>"; };
		045DCFC024838E0A00C18044 /* ShowDetailsTVCell.swift */ = {isa = PBXFileReference; lastKnownFileType = sourcecode.swift; path = ShowDetailsTVCell.swift; sourceTree = "<group>"; };
		045DCFC124838E0A00C18044 /* ShowDetailsTVCell.xib */ = {isa = PBXFileReference; lastKnownFileType = file.xib; path = ShowDetailsTVCell.xib; sourceTree = "<group>"; };
		045DCFC424838E2900C18044 /* CommentTVCell.swift */ = {isa = PBXFileReference; lastKnownFileType = sourcecode.swift; path = CommentTVCell.swift; sourceTree = "<group>"; };
		045DCFC524838E2900C18044 /* CommentTVCell.xib */ = {isa = PBXFileReference; lastKnownFileType = file.xib; path = CommentTVCell.xib; sourceTree = "<group>"; };
		045DCFC82483E1A300C18044 /* Constants.swift */ = {isa = PBXFileReference; lastKnownFileType = sourcecode.swift; path = Constants.swift; sourceTree = "<group>"; };
		045DCFCA2483E48600C18044 /* KeychainManager.swift */ = {isa = PBXFileReference; lastKnownFileType = sourcecode.swift; path = KeychainManager.swift; sourceTree = "<group>"; };
		045DCFCD248405BC00C18044 /* ShowsAPIRouter.swift */ = {isa = PBXFileReference; lastKnownFileType = sourcecode.swift; path = ShowsAPIRouter.swift; sourceTree = "<group>"; };
		045DCFCF24840D3600C18044 /* ShowsService.swift */ = {isa = PBXFileReference; lastKnownFileType = sourcecode.swift; path = ShowsService.swift; sourceTree = "<group>"; };
		049434852484C3C400DD20A5 /* Show.swift */ = {isa = PBXFileReference; lastKnownFileType = sourcecode.swift; path = Show.swift; sourceTree = "<group>"; };
		0494348A2484FCBD00DD20A5 /* Episode.swift */ = {isa = PBXFileReference; lastKnownFileType = sourcecode.swift; path = Episode.swift; sourceTree = "<group>"; };
		0494348C24850B6700DD20A5 /* Comment.swift */ = {isa = PBXFileReference; lastKnownFileType = sourcecode.swift; path = Comment.swift; sourceTree = "<group>"; };
		04A62CAC24856F9B009D87B3 /* UtilsDisplay.swift */ = {isa = PBXFileReference; lastKnownFileType = sourcecode.swift; path = UtilsDisplay.swift; sourceTree = "<group>"; };
		37FC9807AC9D493B50019538 /* Pods-Shows.debug.xcconfig */ = {isa = PBXFileReference; includeInIndex = 1; lastKnownFileType = text.xcconfig; name = "Pods-Shows.debug.xcconfig"; path = "Target Support Files/Pods-Shows/Pods-Shows.debug.xcconfig"; sourceTree = "<group>"; };
		6D437BEBF292D762C50B880B /* Pods_Shows.framework */ = {isa = PBXFileReference; explicitFileType = wrapper.framework; includeInIndex = 0; path = Pods_Shows.framework; sourceTree = BUILT_PRODUCTS_DIR; };
		9085C6C2CD9129B09E7EE284 /* Pods-Shows.release.xcconfig */ = {isa = PBXFileReference; includeInIndex = 1; lastKnownFileType = text.xcconfig; name = "Pods-Shows.release.xcconfig"; path = "Target Support Files/Pods-Shows/Pods-Shows.release.xcconfig"; sourceTree = "<group>"; };
/* End PBXFileReference section */

/* Begin PBXFrameworksBuildPhase section */
		045DCF832482E0B900C18044 /* Frameworks */ = {
			isa = PBXFrameworksBuildPhase;
			buildActionMask = 2147483647;
			files = (
				CC67BB320CE862FF236D504F /* Pods_Shows.framework in Frameworks */,
			);
			runOnlyForDeploymentPostprocessing = 0;
		};
/* End PBXFrameworksBuildPhase section */

/* Begin PBXGroup section */
		045DCF7D2482E0B900C18044 = {
			isa = PBXGroup;
			children = (
				045DCF882482E0B900C18044 /* Shows */,
				045DCF872482E0B900C18044 /* Products */,
				3B50EFE5830087B76C2B1E39 /* Pods */,
				35B735679D270314B54D1524 /* Frameworks */,
			);
			sourceTree = "<group>";
		};
		045DCF872482E0B900C18044 /* Products */ = {
			isa = PBXGroup;
			children = (
				045DCF862482E0B900C18044 /* Shows.app */,
			);
			name = Products;
			sourceTree = "<group>";
		};
		045DCF882482E0B900C18044 /* Shows */ = {
			isa = PBXGroup;
			children = (
				045DCF892482E0B900C18044 /* AppDelegate.swift */,
				045DCF8B2482E0B900C18044 /* SceneDelegate.swift */,
				045DCF9D2482E72800C18044 /* Controllers */,
				049434842484C3A900DD20A5 /* Models */,
				045DCFB324837FD900C18044 /* Views */,
				045DCFAB2482F9C200C18044 /* Managers */,
				045DCFCC248404FC00C18044 /* Networking */,
				045DCFA42482E96800C18044 /* Extensions */,
				045DCFAE248303FA00C18044 /* Helpers */,
				045DCF9E2482E75E00C18044 /* Storyboards */,
				045DCF972482E0BA00C18044 /* Info.plist */,
				045DCF922482E0BA00C18044 /* Assets.xcassets */,
			);
			path = Shows;
			sourceTree = "<group>";
		};
		045DCF9D2482E72800C18044 /* Controllers */ = {
			isa = PBXGroup;
			children = (
				045DCF8D2482E0B900C18044 /* LandingViewController.swift */,
				045DCF9F2482E86000C18044 /* Common */,
				045DCFA02482E86D00C18044 /* Login */,
				045DCFA12482E87B00C18044 /* Main */,
			);
			path = Controllers;
			sourceTree = "<group>";
		};
		045DCF9E2482E75E00C18044 /* Storyboards */ = {
			isa = PBXGroup;
			children = (
				045DCFA72482EA2100C18044 /* Login.storyboard */,
				045DCF8F2482E0B900C18044 /* Main.storyboard */,
				045DCF942482E0BA00C18044 /* LaunchScreen.storyboard */,
			);
			path = Storyboards;
			sourceTree = "<group>";
		};
		045DCF9F2482E86000C18044 /* Common */ = {
			isa = PBXGroup;
			children = (
				045DCFA22482E8AF00C18044 /* BaseViewController.swift */,
			);
			path = Common;
			sourceTree = "<group>";
		};
		045DCFA02482E86D00C18044 /* Login */ = {
			isa = PBXGroup;
			children = (
				045DCFA92482F38400C18044 /* LoginViewController.swift */,
			);
			path = Login;
			sourceTree = "<group>";
		};
		045DCFA12482E87B00C18044 /* Main */ = {
			isa = PBXGroup;
			children = (
				045DCFB124837F3400C18044 /* ShowsViewController.swift */,
				045DCFB824838B1200C18044 /* ShowDetailsViewController.swift */,
				045DCFBA24838B8500C18044 /* EpisodeDetailsViewController.swift */,
				045DCFBC24838B9400C18044 /* AddEpisodeViewController.swift */,
				045DCFBE24838BA000C18044 /* CommentsViewController.swift */,
			);
			path = Main;
			sourceTree = "<group>";
		};
		045DCFA42482E96800C18044 /* Extensions */ = {
			isa = PBXGroup;
			children = (
				045DCFA52482E9D800C18044 /* UIViewController+Utils.swift */,
			);
			path = Extensions;
			sourceTree = "<group>";
		};
		045DCFAB2482F9C200C18044 /* Managers */ = {
			isa = PBXGroup;
			children = (
				045DCFAC2482FB2900C18044 /* NavigationManager.swift */,
				045DCFCA2483E48600C18044 /* KeychainManager.swift */,
			);
			path = Managers;
			sourceTree = "<group>";
		};
		045DCFAE248303FA00C18044 /* Helpers */ = {
			isa = PBXGroup;
			children = (
				045DCFAF2483041000C18044 /* UtilsCheck.swift */,
				045DCFC82483E1A300C18044 /* Constants.swift */,
				04A62CAC24856F9B009D87B3 /* UtilsDisplay.swift */,
			);
			path = Helpers;
			sourceTree = "<group>";
		};
		045DCFB324837FD900C18044 /* Views */ = {
			isa = PBXGroup;
			children = (
				045DCFB424837FF900C18044 /* ShowTVCell.swift */,
				045DCFB524837FF900C18044 /* ShowTVCell.xib */,
				045DCFC024838E0A00C18044 /* ShowDetailsTVCell.swift */,
				045DCFC124838E0A00C18044 /* ShowDetailsTVCell.xib */,
				045DCFC424838E2900C18044 /* CommentTVCell.swift */,
				045DCFC524838E2900C18044 /* CommentTVCell.xib */,
			);
			path = Views;
			sourceTree = "<group>";
		};
		045DCFCC248404FC00C18044 /* Networking */ = {
			isa = PBXGroup;
			children = (
				045DCFCD248405BC00C18044 /* ShowsAPIRouter.swift */,
				045DCFCF24840D3600C18044 /* ShowsService.swift */,
			);
			path = Networking;
			sourceTree = "<group>";
		};
		049434842484C3A900DD20A5 /* Models */ = {
			isa = PBXGroup;
			children = (
				049434852484C3C400DD20A5 /* Show.swift */,
				0494348A2484FCBD00DD20A5 /* Episode.swift */,
				0494348C24850B6700DD20A5 /* Comment.swift */,
			);
			path = Models;
			sourceTree = "<group>";
		};
		35B735679D270314B54D1524 /* Frameworks */ = {
			isa = PBXGroup;
			children = (
				6D437BEBF292D762C50B880B /* Pods_Shows.framework */,
			);
			name = Frameworks;
			sourceTree = "<group>";
		};
		3B50EFE5830087B76C2B1E39 /* Pods */ = {
			isa = PBXGroup;
			children = (
				37FC9807AC9D493B50019538 /* Pods-Shows.debug.xcconfig */,
				9085C6C2CD9129B09E7EE284 /* Pods-Shows.release.xcconfig */,
			);
			path = Pods;
			sourceTree = "<group>";
		};
/* End PBXGroup section */

/* Begin PBXNativeTarget section */
		045DCF852482E0B900C18044 /* Shows */ = {
			isa = PBXNativeTarget;
			buildConfigurationList = 045DCF9A2482E0BA00C18044 /* Build configuration list for PBXNativeTarget "Shows" */;
			buildPhases = (
				0AFF7EEE8CDE58545250C5D9 /* [CP] Check Pods Manifest.lock */,
				045DCF822482E0B900C18044 /* Sources */,
				045DCF832482E0B900C18044 /* Frameworks */,
				045DCF842482E0B900C18044 /* Resources */,
				ACBA37492F4630068D28345D /* [CP] Embed Pods Frameworks */,
			);
			buildRules = (
			);
			dependencies = (
			);
			name = Shows;
			productName = Shows;
			productReference = 045DCF862482E0B900C18044 /* Shows.app */;
			productType = "com.apple.product-type.application";
		};
/* End PBXNativeTarget section */

/* Begin PBXProject section */
		045DCF7E2482E0B900C18044 /* Project object */ = {
			isa = PBXProject;
			attributes = {
				LastSwiftUpdateCheck = 1150;
				LastUpgradeCheck = 1150;
				ORGANIZATIONNAME = home;
				TargetAttributes = {
					045DCF852482E0B900C18044 = {
						CreatedOnToolsVersion = 11.5;
					};
				};
			};
			buildConfigurationList = 045DCF812482E0B900C18044 /* Build configuration list for PBXProject "Shows" */;
			compatibilityVersion = "Xcode 9.3";
			developmentRegion = en;
			hasScannedForEncodings = 0;
			knownRegions = (
				en,
				Base,
			);
			mainGroup = 045DCF7D2482E0B900C18044;
			productRefGroup = 045DCF872482E0B900C18044 /* Products */;
			projectDirPath = "";
			projectRoot = "";
			targets = (
				045DCF852482E0B900C18044 /* Shows */,
			);
		};
/* End PBXProject section */

/* Begin PBXResourcesBuildPhase section */
		045DCF842482E0B900C18044 /* Resources */ = {
			isa = PBXResourcesBuildPhase;
			buildActionMask = 2147483647;
			files = (
				045DCFA82482EA2100C18044 /* Login.storyboard in Resources */,
				045DCF962482E0BA00C18044 /* LaunchScreen.storyboard in Resources */,
				045DCF932482E0BA00C18044 /* Assets.xcassets in Resources */,
				045DCFC324838E0A00C18044 /* ShowDetailsTVCell.xib in Resources */,
				045DCF912482E0B900C18044 /* Main.storyboard in Resources */,
				045DCFB724837FF900C18044 /* ShowTVCell.xib in Resources */,
				045DCFC724838E2900C18044 /* CommentTVCell.xib in Resources */,
			);
			runOnlyForDeploymentPostprocessing = 0;
		};
/* End PBXResourcesBuildPhase section */

/* Begin PBXShellScriptBuildPhase section */
		0AFF7EEE8CDE58545250C5D9 /* [CP] Check Pods Manifest.lock */ = {
			isa = PBXShellScriptBuildPhase;
			buildActionMask = 2147483647;
			files = (
			);
			inputFileListPaths = (
			);
			inputPaths = (
				"${PODS_PODFILE_DIR_PATH}/Podfile.lock",
				"${PODS_ROOT}/Manifest.lock",
			);
			name = "[CP] Check Pods Manifest.lock";
			outputFileListPaths = (
			);
			outputPaths = (
				"$(DERIVED_FILE_DIR)/Pods-Shows-checkManifestLockResult.txt",
			);
			runOnlyForDeploymentPostprocessing = 0;
			shellPath = /bin/sh;
			shellScript = "diff \"${PODS_PODFILE_DIR_PATH}/Podfile.lock\" \"${PODS_ROOT}/Manifest.lock\" > /dev/null\nif [ $? != 0 ] ; then\n    # print error to STDERR\n    echo \"error: The sandbox is not in sync with the Podfile.lock. Run 'pod install' or update your CocoaPods installation.\" >&2\n    exit 1\nfi\n# This output is used by Xcode 'outputs' to avoid re-running this script phase.\necho \"SUCCESS\" > \"${SCRIPT_OUTPUT_FILE_0}\"\n";
			showEnvVarsInLog = 0;
		};
		ACBA37492F4630068D28345D /* [CP] Embed Pods Frameworks */ = {
			isa = PBXShellScriptBuildPhase;
			buildActionMask = 2147483647;
			files = (
			);
			inputFileListPaths = (
				"${PODS_ROOT}/Target Support Files/Pods-Shows/Pods-Shows-frameworks-${CONFIGURATION}-input-files.xcfilelist",
			);
			name = "[CP] Embed Pods Frameworks";
			outputFileListPaths = (
				"${PODS_ROOT}/Target Support Files/Pods-Shows/Pods-Shows-frameworks-${CONFIGURATION}-output-files.xcfilelist",
			);
			runOnlyForDeploymentPostprocessing = 0;
			shellPath = /bin/sh;
			shellScript = "\"${PODS_ROOT}/Target Support Files/Pods-Shows/Pods-Shows-frameworks.sh\"\n";
			showEnvVarsInLog = 0;
		};
/* End PBXShellScriptBuildPhase section */

/* Begin PBXSourcesBuildPhase section */
		045DCF822482E0B900C18044 /* Sources */ = {
			isa = PBXSourcesBuildPhase;
			buildActionMask = 2147483647;
			files = (
				045DCFB224837F3400C18044 /* ShowsViewController.swift in Sources */,
				0494348D24850B6700DD20A5 /* Comment.swift in Sources */,
				045DCFC92483E1A300C18044 /* Constants.swift in Sources */,
				045DCFAA2482F38400C18044 /* LoginViewController.swift in Sources */,
				045DCFBF24838BA000C18044 /* CommentsViewController.swift in Sources */,
				045DCF8E2482E0B900C18044 /* LandingViewController.swift in Sources */,
				0494348B2484FCBD00DD20A5 /* Episode.swift in Sources */,
				045DCFB02483041000C18044 /* UtilsCheck.swift in Sources */,
				045DCFB924838B1200C18044 /* ShowDetailsViewController.swift in Sources */,
				045DCFAD2482FB2900C18044 /* NavigationManager.swift in Sources */,
				045DCFA32482E8AF00C18044 /* BaseViewController.swift in Sources */,
				045DCF8A2482E0B900C18044 /* AppDelegate.swift in Sources */,
				04A62CAD24856F9B009D87B3 /* UtilsDisplay.swift in Sources */,
				045DCFD024840D3600C18044 /* ShowsService.swift in Sources */,
				045DCF8C2482E0B900C18044 /* SceneDelegate.swift in Sources */,
				045DCFCE248405BC00C18044 /* ShowsAPIRouter.swift in Sources */,
				045DCFB624837FF900C18044 /* ShowTVCell.swift in Sources */,
				045DCFC624838E2900C18044 /* CommentTVCell.swift in Sources */,
				045DCFCB2483E48600C18044 /* KeychainManager.swift in Sources */,
				045DCFA62482E9D800C18044 /* UIViewController+Utils.swift in Sources */,
				045DCFC224838E0A00C18044 /* ShowDetailsTVCell.swift in Sources */,
				049434862484C3C400DD20A5 /* Show.swift in Sources */,
				045DCFBB24838B8500C18044 /* EpisodeDetailsViewController.swift in Sources */,
				045DCFBD24838B9400C18044 /* AddEpisodeViewController.swift in Sources */,
			);
			runOnlyForDeploymentPostprocessing = 0;
		};
/* End PBXSourcesBuildPhase section */

/* Begin PBXVariantGroup section */
		045DCF8F2482E0B900C18044 /* Main.storyboard */ = {
			isa = PBXVariantGroup;
			children = (
				045DCF902482E0B900C18044 /* Base */,
			);
			name = Main.storyboard;
			sourceTree = "<group>";
		};
		045DCF942482E0BA00C18044 /* LaunchScreen.storyboard */ = {
			isa = PBXVariantGroup;
			children = (
				045DCF952482E0BA00C18044 /* Base */,
			);
			name = LaunchScreen.storyboard;
			sourceTree = "<group>";
		};
/* End PBXVariantGroup section */

/* Begin XCBuildConfiguration section */
		045DCF982482E0BA00C18044 /* Debug */ = {
			isa = XCBuildConfiguration;
			buildSettings = {
				ALWAYS_SEARCH_USER_PATHS = NO;
				CLANG_ANALYZER_NONNULL = YES;
				CLANG_ANALYZER_NUMBER_OBJECT_CONVERSION = YES_AGGRESSIVE;
				CLANG_CXX_LANGUAGE_STANDARD = "gnu++14";
				CLANG_CXX_LIBRARY = "libc++";
				CLANG_ENABLE_MODULES = YES;
				CLANG_ENABLE_OBJC_ARC = YES;
				CLANG_ENABLE_OBJC_WEAK = YES;
				CLANG_WARN_BLOCK_CAPTURE_AUTORELEASING = YES;
				CLANG_WARN_BOOL_CONVERSION = YES;
				CLANG_WARN_COMMA = YES;
				CLANG_WARN_CONSTANT_CONVERSION = YES;
				CLANG_WARN_DEPRECATED_OBJC_IMPLEMENTATIONS = YES;
				CLANG_WARN_DIRECT_OBJC_ISA_USAGE = YES_ERROR;
				CLANG_WARN_DOCUMENTATION_COMMENTS = YES;
				CLANG_WARN_EMPTY_BODY = YES;
				CLANG_WARN_ENUM_CONVERSION = YES;
				CLANG_WARN_INFINITE_RECURSION = YES;
				CLANG_WARN_INT_CONVERSION = YES;
				CLANG_WARN_NON_LITERAL_NULL_CONVERSION = YES;
				CLANG_WARN_OBJC_IMPLICIT_RETAIN_SELF = YES;
				CLANG_WARN_OBJC_LITERAL_CONVERSION = YES;
				CLANG_WARN_OBJC_ROOT_CLASS = YES_ERROR;
				CLANG_WARN_RANGE_LOOP_ANALYSIS = YES;
				CLANG_WARN_STRICT_PROTOTYPES = YES;
				CLANG_WARN_SUSPICIOUS_MOVE = YES;
				CLANG_WARN_UNGUARDED_AVAILABILITY = YES_AGGRESSIVE;
				CLANG_WARN_UNREACHABLE_CODE = YES;
				CLANG_WARN__DUPLICATE_METHOD_MATCH = YES;
				COPY_PHASE_STRIP = NO;
				DEBUG_INFORMATION_FORMAT = dwarf;
				ENABLE_STRICT_OBJC_MSGSEND = YES;
				ENABLE_TESTABILITY = YES;
				GCC_C_LANGUAGE_STANDARD = gnu11;
				GCC_DYNAMIC_NO_PIC = NO;
				GCC_NO_COMMON_BLOCKS = YES;
				GCC_OPTIMIZATION_LEVEL = 0;
				GCC_PREPROCESSOR_DEFINITIONS = (
					"DEBUG=1",
					"$(inherited)",
				);
				GCC_WARN_64_TO_32_BIT_CONVERSION = YES;
				GCC_WARN_ABOUT_RETURN_TYPE = YES_ERROR;
				GCC_WARN_UNDECLARED_SELECTOR = YES;
				GCC_WARN_UNINITIALIZED_AUTOS = YES_AGGRESSIVE;
				GCC_WARN_UNUSED_FUNCTION = YES;
				GCC_WARN_UNUSED_VARIABLE = YES;
				IPHONEOS_DEPLOYMENT_TARGET = 13.5;
				MTL_ENABLE_DEBUG_INFO = INCLUDE_SOURCE;
				MTL_FAST_MATH = YES;
				ONLY_ACTIVE_ARCH = YES;
				SDKROOT = iphoneos;
				SWIFT_ACTIVE_COMPILATION_CONDITIONS = DEBUG;
				SWIFT_OPTIMIZATION_LEVEL = "-Onone";
			};
			name = Debug;
		};
		045DCF992482E0BA00C18044 /* Release */ = {
			isa = XCBuildConfiguration;
			buildSettings = {
				ALWAYS_SEARCH_USER_PATHS = NO;
				CLANG_ANALYZER_NONNULL = YES;
				CLANG_ANALYZER_NUMBER_OBJECT_CONVERSION = YES_AGGRESSIVE;
				CLANG_CXX_LANGUAGE_STANDARD = "gnu++14";
				CLANG_CXX_LIBRARY = "libc++";
				CLANG_ENABLE_MODULES = YES;
				CLANG_ENABLE_OBJC_ARC = YES;
				CLANG_ENABLE_OBJC_WEAK = YES;
				CLANG_WARN_BLOCK_CAPTURE_AUTORELEASING = YES;
				CLANG_WARN_BOOL_CONVERSION = YES;
				CLANG_WARN_COMMA = YES;
				CLANG_WARN_CONSTANT_CONVERSION = YES;
				CLANG_WARN_DEPRECATED_OBJC_IMPLEMENTATIONS = YES;
				CLANG_WARN_DIRECT_OBJC_ISA_USAGE = YES_ERROR;
				CLANG_WARN_DOCUMENTATION_COMMENTS = YES;
				CLANG_WARN_EMPTY_BODY = YES;
				CLANG_WARN_ENUM_CONVERSION = YES;
				CLANG_WARN_INFINITE_RECURSION = YES;
				CLANG_WARN_INT_CONVERSION = YES;
				CLANG_WARN_NON_LITERAL_NULL_CONVERSION = YES;
				CLANG_WARN_OBJC_IMPLICIT_RETAIN_SELF = YES;
				CLANG_WARN_OBJC_LITERAL_CONVERSION = YES;
				CLANG_WARN_OBJC_ROOT_CLASS = YES_ERROR;
				CLANG_WARN_RANGE_LOOP_ANALYSIS = YES;
				CLANG_WARN_STRICT_PROTOTYPES = YES;
				CLANG_WARN_SUSPICIOUS_MOVE = YES;
				CLANG_WARN_UNGUARDED_AVAILABILITY = YES_AGGRESSIVE;
				CLANG_WARN_UNREACHABLE_CODE = YES;
				CLANG_WARN__DUPLICATE_METHOD_MATCH = YES;
				COPY_PHASE_STRIP = NO;
				DEBUG_INFORMATION_FORMAT = "dwarf-with-dsym";
				ENABLE_NS_ASSERTIONS = NO;
				ENABLE_STRICT_OBJC_MSGSEND = YES;
				GCC_C_LANGUAGE_STANDARD = gnu11;
				GCC_NO_COMMON_BLOCKS = YES;
				GCC_WARN_64_TO_32_BIT_CONVERSION = YES;
				GCC_WARN_ABOUT_RETURN_TYPE = YES_ERROR;
				GCC_WARN_UNDECLARED_SELECTOR = YES;
				GCC_WARN_UNINITIALIZED_AUTOS = YES_AGGRESSIVE;
				GCC_WARN_UNUSED_FUNCTION = YES;
				GCC_WARN_UNUSED_VARIABLE = YES;
				IPHONEOS_DEPLOYMENT_TARGET = 13.5;
				MTL_ENABLE_DEBUG_INFO = NO;
				MTL_FAST_MATH = YES;
				SDKROOT = iphoneos;
				SWIFT_COMPILATION_MODE = wholemodule;
				SWIFT_OPTIMIZATION_LEVEL = "-O";
				VALIDATE_PRODUCT = YES;
			};
			name = Release;
		};
		045DCF9B2482E0BA00C18044 /* Debug */ = {
			isa = XCBuildConfiguration;
			baseConfigurationReference = 37FC9807AC9D493B50019538 /* Pods-Shows.debug.xcconfig */;
			buildSettings = {
				ASSETCATALOG_COMPILER_APPICON_NAME = AppIcon;
				CODE_SIGN_STYLE = Automatic;
				DEVELOPMENT_TEAM = 5WW79W9H53;
				INFOPLIST_FILE = Shows/Info.plist;
				IPHONEOS_DEPLOYMENT_TARGET = 10.1;
				LD_RUNPATH_SEARCH_PATHS = (
					"$(inherited)",
					"@executable_path/Frameworks",
				);
				PRODUCT_BUNDLE_IDENTIFIER = mac.Shows;
				PRODUCT_NAME = "$(TARGET_NAME)";
				SWIFT_VERSION = 5.0;
				TARGETED_DEVICE_FAMILY = "1,2";
			};
			name = Debug;
		};
		045DCF9C2482E0BA00C18044 /* Release */ = {
			isa = XCBuildConfiguration;
			baseConfigurationReference = 9085C6C2CD9129B09E7EE284 /* Pods-Shows.release.xcconfig */;
			buildSettings = {
				ASSETCATALOG_COMPILER_APPICON_NAME = AppIcon;
				CODE_SIGN_STYLE = Automatic;
				DEVELOPMENT_TEAM = 5WW79W9H53;
				INFOPLIST_FILE = Shows/Info.plist;
				IPHONEOS_DEPLOYMENT_TARGET = 10.1;
				LD_RUNPATH_SEARCH_PATHS = (
					"$(inherited)",
					"@executable_path/Frameworks",
				);
				PRODUCT_BUNDLE_IDENTIFIER = mac.Shows;
				PRODUCT_NAME = "$(TARGET_NAME)";
				SWIFT_VERSION = 5.0;
				TARGETED_DEVICE_FAMILY = "1,2";
			};
			name = Release;
		};
/* End XCBuildConfiguration section */

/* Begin XCConfigurationList section */
		045DCF812482E0B900C18044 /* Build configuration list for PBXProject "Shows" */ = {
			isa = XCConfigurationList;
			buildConfigurations = (
				045DCF982482E0BA00C18044 /* Debug */,
				045DCF992482E0BA00C18044 /* Release */,
			);
			defaultConfigurationIsVisible = 0;
			defaultConfigurationName = Release;
		};
		045DCF9A2482E0BA00C18044 /* Build configuration list for PBXNativeTarget "Shows" */ = {
			isa = XCConfigurationList;
			buildConfigurations = (
				045DCF9B2482E0BA00C18044 /* Debug */,
				045DCF9C2482E0BA00C18044 /* Release */,
			);
			defaultConfigurationIsVisible = 0;
			defaultConfigurationName = Release;
		};
/* End XCConfigurationList section */
	};
	rootObject = 045DCF7E2482E0B900C18044 /* Project object */;
}
